
Microsoft Visual Studio Solution File, Format Version 12.00
# Visual Studio Version 17
VisualStudioVersion = 17.14.36915.13
MinimumVisualStudioVersion = 10.0.40219.1
Project("{8BC9CEB8-8B4A-11D0-8D11-00A0C91BC942}") = "dny_engine", "dny_engine\dny_engine.vcxproj", "{0CAEC877-0AEF-49FF-B178-E21C2938DC8F}"
EndProject
Project("{8BC9CEB8-8B4A-11D0-8D11-00A0C91BC942}") = "Metroidvania", "Metroidvania\Metroidvania.vcxproj", "{B57C4B4F-CAB2-4398-9788-84431FA751ED}"
	ProjectSection(ProjectDependencies) = postProject
		{0CAEC877-0AEF-49FF-B178-E21C2938DC8F} = {0CAEC877-0AEF-49FF-B178-E21C2938DC8F}
	EndProjectSection
EndProject
Global
	GlobalSection(SolutionConfigurationPlatforms) = preSolution
		Debug|x64 = Debug|x64
		Debug|x86 = Debug|x86
		Release|x64 = Release|x64
		Release|x86 = Release|x86
		RelWithDebInfo|x64 = RelWithDebInfo|x64
		RelWithDebInfo|x86 = RelWithDebInfo|x86
	EndGlobalSection
	GlobalSection(ProjectConfigurationPlatforms) = postSolution
		{0CAEC877-0AEF-49FF-B178-E21C2938DC8F}.Debug|x64.ActiveCfg = Debug|x64
		{0CAEC877-0AEF-49FF-B178-E21C2938DC8F}.Debug|x64.Build.0 = Debug|x64
		{0CAEC877-0AEF-49FF-B178-E21C2938DC8F}.Debug|x86.ActiveCfg = Debug|Win32
		{0CAEC877-0AEF-49FF-B178-E21C2938DC8F}.Debug|x86.Build.0 = Debug|Win32
		{0CAEC877-0AEF-49FF-B178-E21C2938DC8F}.Release|x64.ActiveCfg = Release|x64
		{0CAEC877-0AEF-49FF-B178-E21C2938DC8F}.Release|x64.Build.0 = Release|x64
		{0CAEC877-0AEF-49FF-B178-E21C2938DC8F}.Release|x86.ActiveCfg = Release|Win32
		{0CAEC877-0AEF-49FF-B178-E21C2938DC8F}.Release|x86.Build.0 = Release|Win32
		{0CAEC877-0AEF-49FF-B178-E21C2938DC8F}.RelWithDebInfo|x64.ActiveCfg = RelWithDebInfo|x64
		{0CAEC877-0AEF-49FF-B178-E21C2938DC8F}.RelWithDebInfo|x64.Build.0 = RelWithDebInfo|x64
		{0CAEC877-0AEF-49FF-B178-E21C2938DC8F}.RelWithDebInfo|x86.ActiveCfg = RelWithDebInfo|Win32
		{0CAEC877-0AEF-49FF-B178-E21C2938DC8F}.RelWithDebInfo|x86.Build.0 = RelWithDebInfo|Win32
		{B57C4B4F-CAB2-4398-9788-84431FA751ED}.Debug|x64.ActiveCfg = Debug|x64
		{B57C4B4F-CAB2-4398-9788-84431FA751ED}.Debug|x64.Build.0 = Debug|x64
		{B57C4B4F-CAB2-4398-9788-84431FA751ED}.Debug|x86.ActiveCfg = Debug|Win32
		{B57C4B4F-CAB2-4398-9788-84431FA751ED}.Debug|x86.Build.0 = Debug|Win32
		{B57C4B4F-CAB2-4398-9788-84431FA751ED}.Release|x64.ActiveCfg = Release|x64
		{B57C4B4F-CAB2-4398-9788-84431FA751ED}.Release|x64.Build.0 = Release|x64
		{B57C4B4F-CAB2-4398-9788-84431FA751ED}.Release|x86.ActiveCfg = Release|Win32
		{B57C4B4F-CAB2-4398-9788-84431FA751ED}.Release|x86.Build.0 = Release|Win32
		{B57C4B4F-CAB2-4398-9788-84431FA751ED}.RelWithDebInfo|x64.ActiveCfg = RelWithDebInfo|x64
		{B57C4B4F-CAB2-4398-9788-84431FA751ED}.RelWithDebInfo|x64.Build.0 = RelWithDebInfo|x64
		{B57C4B4F-CAB2-4398-9788-84431FA751ED}.RelWithDebInfo|x86.ActiveCfg = RelWithDebInfo|Win32
		{B57C4B4F-CAB2-4398-9788-84431FA751ED}.RelWithDebInfo|x86.Build.0 = RelWithDebInfo|Win32
	EndGlobalSection
	GlobalSection(SolutionProperties) = preSolution
		HideSolutionNode = FALSE
	EndGlobalSection
	GlobalSection(ExtensibilityGlobals) = postSolution
		SolutionGuid = {BA421631-1A89-47CE-B42F-1D1B7E24C635}
	EndGlobalSection
EndGlobal
